
Microsoft Visual Studio Solution File, Format Version 12.00
# Visual Studio 15
VisualStudioVersion = 15.0.28307.438
MinimumVisualStudioVersion = 10.0.40219.1
Project("{FAE04EC0-301F-11D3-BF4B-00C04F79EFBC}") = "RetroService", "RetroService\RetroService.csproj", "{0FC4950F-5683-4846-9268-C63D74A67CFA}"
EndProject
Global
	GlobalSection(SolutionConfigurationPlatforms) = preSolution
		Debug|Any CPU = Debug|Any CPU
		Release|Any CPU = Release|Any CPU
	EndGlobalSection
	GlobalSection(ProjectConfigurationPlatforms) = postSolution
		{0FC4950F-5683-4846-9268-C63D74A67CFA}.Debug|Any CPU.ActiveCfg = Debug|Any CPU
		{0FC4950F-5683-4846-9268-C63D74A67CFA}.Debug|Any CPU.Build.0 = Debug|Any CPU
		{0FC4950F-5683-4846-9268-C63D74A67CFA}.Release|Any CPU.ActiveCfg = Release|Any CPU
		{0FC4950F-5683-4846-9268-C63D74A67CFA}.Release|Any CPU.Build.0 = Release|Any CPU
	EndGlobalSection
	GlobalSection(SolutionProperties) = preSolution
		HideSolutionNode = FALSE
	EndGlobalSection
	GlobalSection(ExtensibilityGlobals) = postSolution
		SolutionGuid = {06D3EDB2-D756-469D-89AF-2E726CD8AD27}
	EndGlobalSection
EndGlobal
